// !$*UTF8*$!
{
	archiveVersion = 1;
	classes = {
	};
	objectVersion = 46;
	objects = {

/* Begin PBXBuildFile section */
		D2F4B9531B8B60BA00647601 /* AppDelegate.swift in Sources */ = {isa = PBXBuildFile; fileRef = D2F4B9521B8B60BA00647601 /* AppDelegate.swift */; };
		D2F4B9551B8B60BA00647601 /* ViewController.swift in Sources */ = {isa = PBXBuildFile; fileRef = D2F4B9541B8B60BA00647601 /* ViewController.swift */; };
		D2F4B9581B8B60BA00647601 /* Main.storyboard in Resources */ = {isa = PBXBuildFile; fileRef = D2F4B9561B8B60BA00647601 /* Main.storyboard */; };
		D2F4B95A1B8B60BA00647601 /* Images.xcassets in Resources */ = {isa = PBXBuildFile; fileRef = D2F4B9591B8B60BA00647601 /* Images.xcassets */; };
		D2F4B95D1B8B60BA00647601 /* LaunchScreen.xib in Resources */ = {isa = PBXBuildFile; fileRef = D2F4B95B1B8B60BA00647601 /* LaunchScreen.xib */; };
		D2F4B9691B8B60BA00647601 /* RGBSlider2Tests.swift in Sources */ = {isa = PBXBuildFile; fileRef = D2F4B9681B8B60BA00647601 /* RGBSlider2Tests.swift */; };
/* End PBXBuildFile section */

/* Begin PBXContainerItemProxy section */
		D2F4B9631B8B60BA00647601 /* PBXContainerItemProxy */ = {
			isa = PBXContainerItemProxy;
			containerPortal = D2F4B9451B8B60BA00647601 /* Project object */;
			proxyType = 1;
			remoteGlobalIDString = D2F4B94C1B8B60BA00647601;
			remoteInfo = RGBSlider2;
		};
/* End PBXContainerItemProxy section */

/* Begin PBXFileReference section */
		D2F4B94D1B8B60BA00647601 /* RGBSlider2.app */ = {isa = PBXFileReference; explicitFileType = wrapper.application; includeInIndex = 0; path = RGBSlider2.app; sourceTree = BUILT_PRODUCTS_DIR; };
		D2F4B9511B8B60BA00647601 /* Info.plist */ = {isa = PBXFileReference; lastKnownFileType = text.plist.xml; path = Info.plist; sourceTree = "<group>"; };
		D2F4B9521B8B60BA00647601 /* AppDelegate.swift */ = {isa = PBXFileReference; lastKnownFileType = sourcecode.swift; path = AppDelegate.swift; sourceTree = "<group>"; };
		D2F4B9541B8B60BA00647601 /* ViewController.swift */ = {isa = PBXFileReference; lastKnownFileType = sourcecode.swift; path = ViewController.swift; sourceTree = "<group>"; };
		D2F4B9571B8B60BA00647601 /* Base */ = {isa = PBXFileReference; lastKnownFileType = file.storyboard; name = Base; path = Base.lproj/Main.storyboard; sourceTree = "<group>"; };
		D2F4B9591B8B60BA00647601 /* Images.xcassets */ = {isa = PBXFileReference; lastKnownFileType = folder.assetcatalog; path = Images.xcassets; sourceTree = "<group>"; };
		D2F4B95C1B8B60BA00647601 /* Base */ = {isa = PBXFileReference; lastKnownFileType = file.xib; name = Base; path = Base.lproj/LaunchScreen.xib; sourceTree = "<group>"; };
		D2F4B9621B8B60BA00647601 /* RGBSlider2Tests.xctest */ = {isa = PBXFileReference; explicitFileType = wrapper.cfbundle; includeInIndex = 0; path = RGBSlider2Tests.xctest; sourceTree = BUILT_PRODUCTS_DIR; };
		D2F4B9671B8B60BA00647601 /* Info.plist */ = {isa = PBXFileReference; lastKnownFileType = text.plist.xml; path = Info.plist; sourceTree = "<group>"; };
		D2F4B9681B8B60BA00647601 /* RGBSlider2Tests.swift */ = {isa = PBXFileReference; lastKnownFileType = sourcecode.swift; path = RGBSlider2Tests.swift; sourceTree = "<group>"; };
/* End PBXFileReference section */

/* Begin PBXFrameworksBuildPhase section */
		D2F4B94A1B8B60BA00647601 /* Frameworks */ = {
			isa = PBXFrameworksBuildPhase;
			buildActionMask = 2147483647;
			files = (
			);
			runOnlyForDeploymentPostprocessing = 0;
		};
		D2F4B95F1B8B60BA00647601 /* Frameworks */ = {
			isa = PBXFrameworksBuildPhase;
			buildActionMask = 2147483647;
			files = (
			);
			runOnlyForDeploymentPostprocessing = 0;
		};
/* End PBXFrameworksBuildPhase section */

/* Begin PBXGroup section */
		D2F4B9441B8B60BA00647601 = {
			isa = PBXGroup;
			children = (
				D2F4B94F1B8B60BA00647601 /* RGBSlider2 */,
				D2F4B9651B8B60BA00647601 /* RGBSlider2Tests */,
				D2F4B94E1B8B60BA00647601 /* Products */,
			);
			sourceTree = "<group>";
		};
		D2F4B94E1B8B60BA00647601 /* Products */ = {
			isa = PBXGroup;
			children = (
				D2F4B94D1B8B60BA00647601 /* RGBSlider2.app */,
				D2F4B9621B8B60BA00647601 /* RGBSlider2Tests.xctest */,
			);
			name = Products;
			sourceTree = "<group>";
		};
		D2F4B94F1B8B60BA00647601 /* RGBSlider2 */ = {
			isa = PBXGroup;
			children = (
				D2F4B9521B8B60BA00647601 /* AppDelegate.swift */,
				D2F4B9541B8B60BA00647601 /* ViewController.swift */,
				D2F4B9561B8B60BA00647601 /* Main.storyboard */,
				D2F4B9591B8B60BA00647601 /* Images.xcassets */,
				D2F4B95B1B8B60BA00647601 /* LaunchScreen.xib */,
				D2F4B9501B8B60BA00647601 /* Supporting Files */,
			);
			path = RGBSlider2;
			sourceTree = "<group>";
		};
		D2F4B9501B8B60BA00647601 /* Supporting Files */ = {
			isa = PBXGroup;
			children = (
				D2F4B9511B8B60BA00647601 /* Info.plist */,
			);
			name = "Supporting Files";
			sourceTree = "<group>";
		};
		D2F4B9651B8B60BA00647601 /* RGBSlider2Tests */ = {
			isa = PBXGroup;
			children = (
				D2F4B9681B8B60BA00647601 /* RGBSlider2Tests.swift */,
				D2F4B9661B8B60BA00647601 /* Supporting Files */,
			);
			path = RGBSlider2Tests;
			sourceTree = "<group>";
		};
		D2F4B9661B8B60BA00647601 /* Supporting Files */ = {
			isa = PBXGroup;
			children = (
				D2F4B9671B8B60BA00647601 /* Info.plist */,
			);
			name = "Supporting Files";
			sourceTree = "<group>";
		};
/* End PBXGroup section */

/* Begin PBXNativeTarget section */
		D2F4B94C1B8B60BA00647601 /* RGBSlider2 */ = {
			isa = PBXNativeTarget;
			buildConfigurationList = D2F4B96C1B8B60BA00647601 /* Build configuration list for PBXNativeTarget "RGBSlider2" */;
			buildPhases = (
				D2F4B9491B8B60BA00647601 /* Sources */,
				D2F4B94A1B8B60BA00647601 /* Frameworks */,
				D2F4B94B1B8B60BA00647601 /* Resources */,
			);
			buildRules = (
			);
			dependencies = (
			);
			name = RGBSlider2;
			productName = RGBSlider2;
			productReference = D2F4B94D1B8B60BA00647601 /* RGBSlider2.app */;
			productType = "com.apple.product-type.application";
		};
		D2F4B9611B8B60BA00647601 /* RGBSlider2Tests */ = {
			isa = PBXNativeTarget;
			buildConfigurationList = D2F4B96F1B8B60BA00647601 /* Build configuration list for PBXNativeTarget "RGBSlider2Tests" */;
			buildPhases = (
				D2F4B95E1B8B60BA00647601 /* Sources */,
				D2F4B95F1B8B60BA00647601 /* Frameworks */,
				D2F4B9601B8B60BA00647601 /* Resources */,
			);
			buildRules = (
			);
			dependencies = (
				D2F4B9641B8B60BA00647601 /* PBXTargetDependency */,
			);
			name = RGBSlider2Tests;
			productName = RGBSlider2Tests;
			productReference = D2F4B9621B8B60BA00647601 /* RGBSlider2Tests.xctest */;
			productType = "com.apple.product-type.bundle.unit-test";
		};
/* End PBXNativeTarget section */

/* Begin PBXProject section */
		D2F4B9451B8B60BA00647601 /* Project object */ = {
			isa = PBXProject;
			attributes = {
				LastUpgradeCheck = 0640;
				ORGANIZATIONNAME = "Quarter Life Coding";
				TargetAttributes = {
					D2F4B94C1B8B60BA00647601 = {
						CreatedOnToolsVersion = 6.4;
					};
					D2F4B9611B8B60BA00647601 = {
						CreatedOnToolsVersion = 6.4;
						TestTargetID = D2F4B94C1B8B60BA00647601;
					};
				};
			};
			buildConfigurationList = D2F4B9481B8B60BA00647601 /* Build configuration list for PBXProject "RGBSlider2" */;
			compatibilityVersion = "Xcode 3.2";
			developmentRegion = English;
			hasScannedForEncodings = 0;
			knownRegions = (
				en,
				Base,
			);
			mainGroup = D2F4B9441B8B60BA00647601;
			productRefGroup = D2F4B94E1B8B60BA00647601 /* Products */;
			projectDirPath = "";
			projectRoot = "";
			targets = (
				D2F4B94C1B8B60BA00647601 /* RGBSlider2 */,
				D2F4B9611B8B60BA00647601 /* RGBSlider2Tests */,
			);
		};
/* End PBXProject section */

/* Begin PBXResourcesBuildPhase section */
		D2F4B94B1B8B60BA00647601 /* Resources */ = {
			isa = PBXResourcesBuildPhase;
			buildActionMask = 2147483647;
			files = (
				D2F4B9581B8B60BA00647601 /* Main.storyboard in Resources */,
				D2F4B95D1B8B60BA00647601 /* LaunchScreen.xib in Resources */,
				D2F4B95A1B8B60BA00647601 /* Images.xcassets in Resources */,
			);
			runOnlyForDeploymentPostprocessing = 0;
		};
		D2F4B9601B8B60BA00647601 /* Resources */ = {
			isa = PBXResourcesBuildPhase;
			buildActionMask = 2147483647;
			files = (
			);
			runOnlyForDeploymentPostprocessing = 0;
		};
/* End PBXResourcesBuildPhase section */

/* Begin PBXSourcesBuildPhase section */
		D2F4B9491B8B60BA00647601 /* Sources */ = {
			isa = PBXSourcesBuildPhase;
			buildActionMask = 2147483647;
			files = (
				D2F4B9551B8B60BA00647601 /* ViewController.swift in Sources */,
				D2F4B9531B8B60BA00647601 /* AppDelegate.swift in Sources */,
			);
			runOnlyForDeploymentPostprocessing = 0;
		};
		D2F4B95E1B8B60BA00647601 /* Sources */ = {
			isa = PBXSourcesBuildPhase;
			buildActionMask = 2147483647;
			files = (
				D2F4B9691B8B60BA00647601 /* RGBSlider2Tests.swift in Sources */,
			);
			runOnlyForDeploymentPostprocessing = 0;
		};
/* End PBXSourcesBuildPhase section */

/* Begin PBXTargetDependency section */
		D2F4B9641B8B60BA00647601 /* PBXTargetDependency */ = {
			isa = PBXTargetDependency;
			target = D2F4B94C1B8B60BA00647601 /* RGBSlider2 */;
			targetProxy = D2F4B9631B8B60BA00647601 /* PBXContainerItemProxy */;
		};
/* End PBXTargetDependency section */

/* Begin PBXVariantGroup section */
		D2F4B9561B8B60BA00647601 /* Main.storyboard */ = {
			isa = PBXVariantGroup;
			children = (
				D2F4B9571B8B60BA00647601 /* Base */,
			);
			name = Main.storyboard;
			sourceTree = "<group>";
		};
		D2F4B95B1B8B60BA00647601 /* LaunchScreen.xib */ = {
			isa = PBXVariantGroup;
			children = (
				D2F4B95C1B8B60BA00647601 /* Base */,
			);
			name = LaunchScreen.xib;
			sourceTree = "<group>";
		};
/* End PBXVariantGroup section */

/* Begin XCBuildConfiguration section */
		D2F4B96A1B8B60BA00647601 /* Debug */ = {
			isa = XCBuildConfiguration;
			buildSettings = {
				ALWAYS_SEARCH_USER_PATHS = NO;
				CLANG_CXX_LANGUAGE_STANDARD = "gnu++0x";
				CLANG_CXX_LIBRARY = "libc++";
				CLANG_ENABLE_MODULES = YES;
				CLANG_ENABLE_OBJC_ARC = YES;
				CLANG_WARN_BOOL_CONVERSION = YES;
				CLANG_WARN_CONSTANT_CONVERSION = YES;
				CLANG_WARN_DIRECT_OBJC_ISA_USAGE = YES_ERROR;
				CLANG_WARN_EMPTY_BODY = YES;
				CLANG_WARN_ENUM_CONVERSION = YES;
				CLANG_WARN_INT_CONVERSION = YES;
				CLANG_WARN_OBJC_ROOT_CLASS = YES_ERROR;
				CLANG_WARN_UNREACHABLE_CODE = YES;
				CLANG_WARN__DUPLICATE_METHOD_MATCH = YES;
				"CODE_SIGN_IDENTITY[sdk=iphoneos*]" = "iPhone Developer";
				COPY_PHASE_STRIP = NO;
				DEBUG_INFORMATION_FORMAT = "dwarf-with-dsym";
				ENABLE_STRICT_OBJC_MSGSEND = YES;
				GCC_C_LANGUAGE_STANDARD = gnu99;
				GCC_DYNAMIC_NO_PIC = NO;
				GCC_NO_COMMON_BLOCKS = YES;
				GCC_OPTIMIZATION_LEVEL = 0;
				GCC_PREPROCESSOR_DEFINITIONS = (
					"DEBUG=1",
					"$(inherited)",
				);
				GCC_SYMBOLS_PRIVATE_EXTERN = NO;
				GCC_WARN_64_TO_32_BIT_CONVERSION = YES;
				GCC_WARN_ABOUT_RETURN_TYPE = YES_ERROR;
				GCC_WARN_UNDECLARED_SELECTOR = YES;
				GCC_WARN_UNINITIALIZED_AUTOS = YES_AGGRESSIVE;
				GCC_WARN_UNUSED_FUNCTION = YES;
				GCC_WARN_UNUSED_VARIABLE = YES;
				IPHONEOS_DEPLOYMENT_TARGET = 8.4;
				MTL_ENABLE_DEBUG_INFO = YES;
				ONLY_ACTIVE_ARCH = YES;
				SDKROOT = iphoneos;
				SWIFT_OPTIMIZATION_LEVEL = "-Onone";
			};
			name = Debug;
		};
		D2F4B96B1B8B60BA00647601 /* Release */ = {
			isa = XCBuildConfiguration;
			buildSettings = {
				ALWAYS_SEARCH_USER_PATHS = NO;
				CLANG_CXX_LANGUAGE_STANDARD = "gnu++0x";
				CLANG_CXX_LIBRARY = "libc++";
				CLANG_ENABLE_MODULES = YES;
				CLANG_ENABLE_OBJC_ARC = YES;
				CLANG_WARN_BOOL_CONVERSION = YES;
				CLANG_WARN_CONSTANT_CONVERSION = YES;
				CLANG_WARN_DIRECT_OBJC_ISA_USAGE = YES_ERROR;
				CLANG_WARN_EMPTY_BODY = YES;
				CLANG_WARN_ENUM_CONVERSION = YES;
				CLANG_WARN_INT_CONVERSION = YES;
				CLANG_WARN_OBJC_ROOT_CLASS = YES_ERROR;
				CLANG_WARN_UNREACHABLE_CODE = YES;
				CLANG_WARN__DUPLICATE_METHOD_MATCH = YES;
				"CODE_SIGN_IDENTITY[sdk=iphoneos*]" = "iPhone Developer";
				COPY_PHASE_STRIP = NO;
				DEBUG_INFORMATION_FORMAT = "dwarf-with-dsym";
				ENABLE_NS_ASSERTIONS = NO;
				ENABLE_STRICT_OBJC_MSGSEND = YES;
				GCC_C_LANGUAGE_STANDARD = gnu99;
				GCC_NO_COMMON_BLOCKS = YES;
				GCC_WARN_64_TO_32_BIT_CONVERSION = YES;
				GCC_WARN_ABOUT_RETURN_TYPE = YES_ERROR;
				GCC_WARN_UNDECLARED_SELECTOR = YES;
				GCC_WARN_UNINITIALIZED_AUTOS = YES_AGGRESSIVE;
				GCC_WARN_UNUSED_FUNCTION = YES;
				GCC_WARN_UNUSED_VARIABLE = YES;
				IPHONEOS_DEPLOYMENT_TARGET = 8.4;
				MTL_ENABLE_DEBUG_INFO = NO;
				SDKROOT = iphoneos;
				VALIDATE_PRODUCT = YES;
			};
			name = Release;
		};
		D2F4B96D1B8B60BA00647601 /* Debug */ = {
			isa = XCBuildConfiguration;
			buildSettings = {
				ASSETCATALOG_COMPILER_APPICON_NAME = AppIcon;
				INFOPLIST_FILE = RGBSlider2/Info.plist;
				LD_RUNPATH_SEARCH_PATHS = "$(inherited) @executable_path/Frameworks";
				PRODUCT_NAME = "$(TARGET_NAME)";
			};
			name = Debug;
		};
		D2F4B96E1B8B60BA00647601 /* Release */ = {
			isa = XCBuildConfiguration;
			buildSettings = {
				ASSETCATALOG_COMPILER_APPICON_NAME = AppIcon;
				INFOPLIST_FILE = RGBSlider2/Info.plist;
				LD_RUNPATH_SEARCH_PATHS = "$(inherited) @executable_path/Frameworks";
				PRODUCT_NAME = "$(TARGET_NAME)";
			};
			name = Release;
		};
		D2F4B9701B8B60BA00647601 /* Debug */ = {
			isa = XCBuildConfiguration;
			buildSettings = {
				BUNDLE_LOADER = "$(TEST_HOST)";
				FRAMEWORK_SEARCH_PATHS = (
					"$(SDKROOT)/Developer/Library/Frameworks",
					"$(inherited)",
				);
				GCC_PREPROCESSOR_DEFINITIONS = (
					"DEBUG=1",
					"$(inherited)",
				);
				INFOPLIST_FILE = RGBSlider2Tests/Info.plist;
				LD_RUNPATH_SEARCH_PATHS = "$(inherited) @executable_path/Frameworks @loader_path/Frameworks";
				PRODUCT_NAME = "$(TARGET_NAME)";
				TEST_HOST = "$(BUILT_PRODUCTS_DIR)/RGBSlider2.app/RGBSlider2";
			};
			name = Debug;
		};
		D2F4B9711B8B60BA00647601 /* Release */ = {
			isa = XCBuildConfiguration;
			buildSettings = {
				BUNDLE_LOADER = "$(TEST_HOST)";
				FRAMEWORK_SEARCH_PATHS = (
					"$(SDKROOT)/Developer/Library/Frameworks",
					"$(inherited)",
				);
				INFOPLIST_FILE = RGBSlider2Tests/Info.plist;
				LD_RUNPATH_SEARCH_PATHS = "$(inherited) @executable_path/Frameworks @loader_path/Frameworks";
				PRODUCT_NAME = "$(TARGET_NAME)";
				TEST_HOST = "$(BUILT_PRODUCTS_DIR)/RGBSlider2.app/RGBSlider2";
			};
			name = Release;
		};
/* End XCBuildConfiguration section */

/* Begin XCConfigurationList section */
		D2F4B9481B8B60BA00647601 /* Build configuration list for PBXProject "RGBSlider2" */ = {
			isa = XCConfigurationList;
			buildConfigurations = (
				D2F4B96A1B8B60BA00647601 /* Debug */,
				D2F4B96B1B8B60BA00647601 /* Release */,
			);
			defaultConfigurationIsVisible = 0;
			defaultConfigurationName = Release;
		};
		D2F4B96C1B8B60BA00647601 /* Build configuration list for PBXNativeTarget "RGBSlider2" */ = {
			isa = XCConfigurationList;
			buildConfigurations = (
				D2F4B96D1B8B60BA00647601 /* Debug */,
				D2F4B96E1B8B60BA00647601 /* Release */,
			);
			defaultConfigurationIsVisible = 0;
		};
		D2F4B96F1B8B60BA00647601 /* Build configuration list for PBXNativeTarget "RGBSlider2Tests" */ = {
			isa = XCConfigurationList;
			buildConfigurations = (
				D2F4B9701B8B60BA00647601 /* Debug */,
				D2F4B9711B8B60BA00647601 /* Release */,
			);
			defaultConfigurationIsVisible = 0;
		};
/* End XCConfigurationList section */
	};
	rootObject = D2F4B9451B8B60BA00647601 /* Project object */;
}
